// !$*UTF8*$!
{ archiveVersion = 1; classes = {}; objectVersion = 56; objects = {
F10000000000000000000001 = {isa = PBXFileReference; path = "Mov/Fonts"; sourceTree = "<group>"; lastKnownFileType = folder;};
F10000000000000000000002 = {isa = PBXBuildFile; fileRef = F10000000000000000000001;};
A10000000000000000000001 = {isa = PBXFileReference; path = "Mov/Networking/APIClient.swift"; sourceTree = "<group>"; lastKnownFileType = sourcecode.swift;};
A10000000000000000000002 = {isa = PBXBuildFile; fileRef = A10000000000000000000001;};
A10000000000000000000003 = {isa = PBXFileReference; path = "Config/Development.xcconfig"; sourceTree = "<group>"; lastKnownFileType = text.xcconfig;};
A10000000000000000000004 = {isa = PBXFileReference; path = "Config/Production.xcconfig"; sourceTree = "<group>"; lastKnownFileType = text.xcconfig;};
A10000000000000000000005 = {isa = PBXFileReference; path = "Mov/Info.plist"; sourceTree = "<group>"; lastKnownFileType = text.plist.xml;};
D00000000000000000000005 = {isa = PBXFileReference; path = "Mov/App/WireframeRun.swift"; sourceTree = "<group>"; lastKnownFileType = sourcecode.swift;};
E00000000000000000000005 = {isa = PBXBuildFile; fileRef = D00000000000000000000005;};
D00000000000000000000006 = {isa = PBXFileReference; path = "Mov/App/WireframeShare.swift"; sourceTree = "<group>"; lastKnownFileType = sourcecode.swift;};
E00000000000000000000006 = {isa = PBXBuildFile; fileRef = D00000000000000000000006;};
D00000000000000000000004 = {isa = PBXFileReference; path = "Mov/App/WireframeProfile.swift"; sourceTree = "<group>"; lastKnownFileType = sourcecode.swift;};
E00000000000000000000004 = {isa = PBXBuildFile; fileRef = D00000000000000000000004;};
D00000000000000000000003 = {isa = PBXFileReference; path = "Mov/App/WireframeInfo.swift"; sourceTree = "<group>"; lastKnownFileType = sourcecode.swift;};
E00000000000000000000003 = {isa = PBXBuildFile; fileRef = D00000000000000000000003;};
D00000000000000000000002 = {isa = PBXFileReference; path = "Mov/App/WireframeHome.swift"; sourceTree = "<group>"; lastKnownFileType = sourcecode.swift;};
E00000000000000000000002 = {isa = PBXBuildFile; fileRef = D00000000000000000000002;};
D00000000000000000000001 = {isa = PBXFileReference; path = "Mov/App/WireframeCore.swift"; sourceTree = "<group>"; lastKnownFileType = sourcecode.swift;};
E00000000000000000000001 = {isa = PBXBuildFile; fileRef = D00000000000000000000001;};
D00000000000000000000000 = {isa = PBXFileReference; path = "Mov/App/WireframeAuth.swift"; sourceTree = "<group>"; lastKnownFileType = sourcecode.swift;};
E00000000000000000000000 = {isa = PBXBuildFile; fileRef = D00000000000000000000000;};
D10000000000000000000001 = {isa = PBXFileReference; path = "Mov/App/WireframePoints.swift"; sourceTree = "<group>"; lastKnownFileType = sourcecode.swift;};
E10000000000000000000001 = {isa = PBXBuildFile; fileRef = D10000000000000000000001;};
B00000000000000000000000 = {isa = PBXFileReference; path = "Mov/Models/RunStore.swift"; sourceTree = "<group>"; lastKnownFileType = sourcecode.swift;};
C00000000000000000000000 = {isa = PBXBuildFile; fileRef = B00000000000000000000000;};
B00000000000000000000001 = {isa = PBXFileReference; path = "Mov/DesignSystem/Components.swift"; sourceTree = "<group>"; lastKnownFileType = sourcecode.swift;};
C00000000000000000000001 = {isa = PBXBuildFile; fileRef = B00000000000000000000001;};
B00000000000000000000002 = {isa = PBXFileReference; path = "Mov/Features/Goals/GoalViews.swift"; sourceTree = "<group>"; lastKnownFileType = sourcecode.swift;};
C00000000000000000000002 = {isa = PBXBuildFile; fileRef = B00000000000000000000002;};
B00000000000000000000003 = {isa = PBXFileReference; path = "Mov/Features/Running/RunningView.swift"; sourceTree = "<group>"; lastKnownFileType = sourcecode.swift;};
C00000000000000000000003 = {isa = PBXBuildFile; fileRef = B00000000000000000000003;};
B00000000000000000000004 = {isa = PBXFileReference; path = "Mov/Features/Records/RecordViews.swift"; sourceTree = "<group>"; lastKnownFileType = sourcecode.swift;};
C00000000000000000000004 = {isa = PBXBuildFile; fileRef = B00000000000000000000004;};
B00000000000000000000005 = {isa = PBXFileReference; path = "Mov/App/RootView.swift"; sourceTree = "<group>"; lastKnownFileType = sourcecode.swift;};
C00000000000000000000005 = {isa = PBXBuildFile; fileRef = B00000000000000000000005;};
000000000000000000000001 = {isa = PBXFileReference; path = "Mov/App/MovApp.swift"; sourceTree = "<group>"; lastKnownFileType = sourcecode.swift;};
000000000000000000000002 = {isa = PBXBuildFile; fileRef = 000000000000000000000001;};
000000000000000000000003 = {isa = PBXFileReference; path = "Mov/DesignSystem/Theme.swift"; sourceTree = "<group>"; lastKnownFileType = sourcecode.swift;};
000000000000000000000004 = {isa = PBXBuildFile; fileRef = 000000000000000000000003;};
000000000000000000000005 = {isa = PBXFileReference; path = "Mov/Features/Development/DevelopmentView.swift"; sourceTree = "<group>"; lastKnownFileType = sourcecode.swift;};
000000000000000000000006 = {isa = PBXBuildFile; fileRef = 000000000000000000000005;};
000000000000000000000007 = {isa = PBXFileReference; path = "Mov/Assets.xcassets"; sourceTree = "<group>"; lastKnownFileType = folder.assetcatalog;};
000000000000000000000008 = {isa = PBXBuildFile; fileRef = 000000000000000000000007;};
000000000000000000000009 = {isa = PBXFileReference; path = Mov.app; sourceTree = BUILT_PRODUCTS_DIR; explicitFileType = wrapper.application;};
00000000000000000000000A = {isa = PBXSourcesBuildPhase; buildActionMask = 2147483647; files = (E00000000000000000000000,E00000000000000000000001,E00000000000000000000002,E00000000000000000000003,E00000000000000000000004,E00000000000000000000005,E00000000000000000000006,E10000000000000000000001,C00000000000000000000000,C00000000000000000000001,C00000000000000000000002,C00000000000000000000003,C00000000000000000000004,C00000000000000000000005,000000000000000000000002,000000000000000000000004,000000000000000000000006,A10000000000000000000002,); runOnlyForDeploymentPostprocessing = 0;};
00000000000000000000000B = {isa = PBXResourcesBuildPhase; buildActionMask = 2147483647; files = (F10000000000000000000002,000000000000000000000008,); runOnlyForDeploymentPostprocessing = 0;};
00000000000000000000000C = {isa = PBXFrameworksBuildPhase; buildActionMask = 2147483647; files = (); runOnlyForDeploymentPostprocessing = 0;};
00000000000000000000000D = {isa = XCBuildConfiguration; name = Debug; baseConfigurationReference = A10000000000000000000003; buildSettings = {SDKROOT = iphoneos; ALWAYS_SEARCH_USER_PATHS = NO; ONLY_ACTIVE_ARCH = YES; IPHONEOS_DEPLOYMENT_TARGET = 17.0; SWIFT_VERSION = 6.0; TARGETED_DEVICE_FAMILY = 1; CODE_SIGN_STYLE = Automatic; GENERATE_INFOPLIST_FILE = NO; INFOPLIST_FILE = Mov/Info.plist; SWIFT_OPTIMIZATION_LEVEL = "-Onone"; ENABLE_TESTABILITY = YES; PRODUCT_NAME = "$(TARGET_NAME)"; PRODUCT_BUNDLE_IDENTIFIER = com.movtorun.mov; SUPPORTED_PLATFORMS = "iphoneos iphonesimulator"; ASSETCATALOG_COMPILER_APPICON_NAME = AppIcon;};};
00000000000000000000000E = {isa = XCBuildConfiguration; name = Release; baseConfigurationReference = A10000000000000000000004; buildSettings = {SDKROOT = iphoneos; ALWAYS_SEARCH_USER_PATHS = NO; ONLY_ACTIVE_ARCH = YES; IPHONEOS_DEPLOYMENT_TARGET = 17.0; SWIFT_VERSION = 6.0; TARGETED_DEVICE_FAMILY = 1; CODE_SIGN_STYLE = Automatic; GENERATE_INFOPLIST_FILE = NO; INFOPLIST_FILE = Mov/Info.plist; SWIFT_OPTIMIZATION_LEVEL = "-O"; ENABLE_TESTABILITY = NO; PRODUCT_NAME = "$(TARGET_NAME)"; PRODUCT_BUNDLE_IDENTIFIER = com.movtorun.mov; SUPPORTED_PLATFORMS = "iphoneos iphonesimulator"; ASSETCATALOG_COMPILER_APPICON_NAME = AppIcon;};};
00000000000000000000000F = {isa = XCConfigurationList; buildConfigurations = (00000000000000000000000D,00000000000000000000000E,); defaultConfigurationIsVisible = 0; defaultConfigurationName = Release;};
000000000000000000000010 = {isa = PBXNativeTarget; name = Mov; productName = Mov; productType = "com.apple.product-type.application"; productReference = 000000000000000000000009; buildConfigurationList = 00000000000000000000000F; buildPhases = (00000000000000000000000A,00000000000000000000000B,00000000000000000000000C,); buildRules = (); dependencies = ();};
000000000000000000000011 = {isa = PBXFileReference; path = "MovTests/ThemeTests.swift"; sourceTree = "<group>"; lastKnownFileType = sourcecode.swift;};
000000000000000000000012 = {isa = PBXBuildFile; fileRef = 000000000000000000000011;};
000000000000000000000013 = {isa = PBXFileReference; path = MovTests.xctest; sourceTree = BUILT_PRODUCTS_DIR; explicitFileType = wrapper.cfbundle;};
000000000000000000000014 = {isa = PBXSourcesBuildPhase; buildActionMask = 2147483647; files = (000000000000000000000012,); runOnlyForDeploymentPostprocessing = 0;};
000000000000000000000015 = {isa = PBXResourcesBuildPhase; buildActionMask = 2147483647; files = (); runOnlyForDeploymentPostprocessing = 0;};
000000000000000000000016 = {isa = PBXFrameworksBuildPhase; buildActionMask = 2147483647; files = (); runOnlyForDeploymentPostprocessing = 0;};
000000000000000000000017 = {isa = PBXTargetDependency; target = 000000000000000000000010;};
000000000000000000000018 = {isa = XCBuildConfiguration; name = Debug; buildSettings = {SDKROOT = iphoneos; ALWAYS_SEARCH_USER_PATHS = NO; ONLY_ACTIVE_ARCH = YES; IPHONEOS_DEPLOYMENT_TARGET = 17.0; SWIFT_VERSION = 6.0; TARGETED_DEVICE_FAMILY = 1; CODE_SIGN_STYLE = Automatic; GENERATE_INFOPLIST_FILE = YES; SWIFT_OPTIMIZATION_LEVEL = "-Onone"; ENABLE_TESTABILITY = YES; PRODUCT_NAME = "$(TARGET_NAME)"; PRODUCT_BUNDLE_IDENTIFIER = local.mov.prototype.MovTests; SUPPORTED_PLATFORMS = "iphoneos iphonesimulator"; TEST_HOST = "$(BUILT_PRODUCTS_DIR)/Mov.app/$(BUNDLE_EXECUTABLE_FOLDER_PATH)/Mov"; BUNDLE_LOADER = "$(TEST_HOST)";};};
000000000000000000000019 = {isa = XCBuildConfiguration; name = Release; buildSettings = {SDKROOT = iphoneos; ALWAYS_SEARCH_USER_PATHS = NO; ONLY_ACTIVE_ARCH = YES; IPHONEOS_DEPLOYMENT_TARGET = 17.0; SWIFT_VERSION = 6.0; TARGETED_DEVICE_FAMILY = 1; CODE_SIGN_STYLE = Automatic; GENERATE_INFOPLIST_FILE = YES; SWIFT_OPTIMIZATION_LEVEL = "-O"; ENABLE_TESTABILITY = NO; PRODUCT_NAME = "$(TARGET_NAME)"; PRODUCT_BUNDLE_IDENTIFIER = local.mov.prototype.MovTests; SUPPORTED_PLATFORMS = "iphoneos iphonesimulator"; TEST_HOST = "$(BUILT_PRODUCTS_DIR)/Mov.app/$(BUNDLE_EXECUTABLE_FOLDER_PATH)/Mov"; BUNDLE_LOADER = "$(TEST_HOST)";};};
00000000000000000000001A = {isa = XCConfigurationList; buildConfigurations = (000000000000000000000018,000000000000000000000019,); defaultConfigurationIsVisible = 0; defaultConfigurationName = Release;};
00000000000000000000001B = {isa = PBXNativeTarget; name = MovTests; productName = MovTests; productType = "com.apple.product-type.bundle.unit-test"; productReference = 000000000000000000000013; buildConfigurationList = 00000000000000000000001A; buildPhases = (000000000000000000000014,000000000000000000000015,000000000000000000000016,); buildRules = (); dependencies = (000000000000000000000017,);};
00000000000000000000001C = {isa = PBXFileReference; path = "MovUITests/LaunchTests.swift"; sourceTree = "<group>"; lastKnownFileType = sourcecode.swift;};
00000000000000000000001D = {isa = PBXBuildFile; fileRef = 00000000000000000000001C;};
00000000000000000000001E = {isa = PBXFileReference; path = MovUITests.xctest; sourceTree = BUILT_PRODUCTS_DIR; explicitFileType = wrapper.cfbundle;};
00000000000000000000001F = {isa = PBXSourcesBuildPhase; buildActionMask = 2147483647; files = (00000000000000000000001D,); runOnlyForDeploymentPostprocessing = 0;};
000000000000000000000020 = {isa = PBXResourcesBuildPhase; buildActionMask = 2147483647; files = (); runOnlyForDeploymentPostprocessing = 0;};
000000000000000000000021 = {isa = PBXFrameworksBuildPhase; buildActionMask = 2147483647; files = (); runOnlyForDeploymentPostprocessing = 0;};
000000000000000000000022 = {isa = PBXTargetDependency; target = 000000000000000000000010;};
000000000000000000000023 = {isa = XCBuildConfiguration; name = Debug; buildSettings = {SDKROOT = iphoneos; ALWAYS_SEARCH_USER_PATHS = NO; ONLY_ACTIVE_ARCH = YES; IPHONEOS_DEPLOYMENT_TARGET = 17.0; SWIFT_VERSION = 6.0; TARGETED_DEVICE_FAMILY = 1; CODE_SIGN_STYLE = Automatic; GENERATE_INFOPLIST_FILE = YES; SWIFT_OPTIMIZATION_LEVEL = "-Onone"; ENABLE_TESTABILITY = YES; PRODUCT_NAME = "$(TARGET_NAME)"; PRODUCT_BUNDLE_IDENTIFIER = local.mov.prototype.MovUITests; SUPPORTED_PLATFORMS = "iphoneos iphonesimulator"; TEST_TARGET_NAME = Mov;};};
000000000000000000000024 = {isa = XCBuildConfiguration; name = Release; buildSettings = {SDKROOT = iphoneos; ALWAYS_SEARCH_USER_PATHS = NO; ONLY_ACTIVE_ARCH = YES; IPHONEOS_DEPLOYMENT_TARGET = 17.0; SWIFT_VERSION = 6.0; TARGETED_DEVICE_FAMILY = 1; CODE_SIGN_STYLE = Automatic; GENERATE_INFOPLIST_FILE = YES; SWIFT_OPTIMIZATION_LEVEL = "-O"; ENABLE_TESTABILITY = NO; PRODUCT_NAME = "$(TARGET_NAME)"; PRODUCT_BUNDLE_IDENTIFIER = local.mov.prototype.MovUITests; SUPPORTED_PLATFORMS = "iphoneos iphonesimulator"; TEST_TARGET_NAME = Mov;};};
000000000000000000000025 = {isa = XCConfigurationList; buildConfigurations = (000000000000000000000023,000000000000000000000024,); defaultConfigurationIsVisible = 0; defaultConfigurationName = Release;};
000000000000000000000026 = {isa = PBXNativeTarget; name = MovUITests; productName = MovUITests; productType = "com.apple.product-type.bundle.ui-testing"; productReference = 00000000000000000000001E; buildConfigurationList = 000000000000000000000025; buildPhases = (00000000000000000000001F,000000000000000000000020,000000000000000000000021,); buildRules = (); dependencies = (000000000000000000000022,);};
000000000000000000000027 = {isa = PBXGroup; name = Products; children = (000000000000000000000009,000000000000000000000013,00000000000000000000001E,); sourceTree = "<group>";};
000000000000000000000028 = {isa = PBXGroup; children = (F10000000000000000000001,D00000000000000000000000,D00000000000000000000001,D00000000000000000000002,D00000000000000000000003,D00000000000000000000004,D00000000000000000000005,D00000000000000000000006,D10000000000000000000001,B00000000000000000000000,B00000000000000000000001,B00000000000000000000002,B00000000000000000000003,B00000000000000000000004,B00000000000000000000005,000000000000000000000001,000000000000000000000003,000000000000000000000005,000000000000000000000007,000000000000000000000011,00000000000000000000001C,000000000000000000000027,A10000000000000000000001,A10000000000000000000003,A10000000000000000000004,A10000000000000000000005,); sourceTree = "<group>";};
000000000000000000000029 = {isa = XCBuildConfiguration; name = Debug; buildSettings = {SDKROOT = iphoneos; ALWAYS_SEARCH_USER_PATHS = NO; ONLY_ACTIVE_ARCH = YES; IPHONEOS_DEPLOYMENT_TARGET = 17.0; SWIFT_VERSION = 6.0; TARGETED_DEVICE_FAMILY = 1; CODE_SIGN_STYLE = Automatic; GENERATE_INFOPLIST_FILE = YES; SWIFT_OPTIMIZATION_LEVEL = "-Onone"; ENABLE_TESTABILITY = YES;};};
00000000000000000000002A = {isa = XCBuildConfiguration; name = Release; buildSettings = {SDKROOT = iphoneos; ALWAYS_SEARCH_USER_PATHS = NO; ONLY_ACTIVE_ARCH = YES; IPHONEOS_DEPLOYMENT_TARGET = 17.0; SWIFT_VERSION = 6.0; TARGETED_DEVICE_FAMILY = 1; CODE_SIGN_STYLE = Automatic; GENERATE_INFOPLIST_FILE = YES; SWIFT_OPTIMIZATION_LEVEL = "-O"; ENABLE_TESTABILITY = NO;};};
00000000000000000000002B = {isa = XCConfigurationList; buildConfigurations = (000000000000000000000029,00000000000000000000002A,); defaultConfigurationIsVisible = 0; defaultConfigurationName = Release;};
00000000000000000000002C = {isa = PBXProject; attributes = { LastUpgradeCheck = 2630; }; buildConfigurationList = 00000000000000000000002B; compatibilityVersion = "Xcode 14.0"; developmentRegion = ko; knownRegions = (ko,en,Base); mainGroup = 000000000000000000000028; productRefGroup = 000000000000000000000027; projectDirPath = ""; projectRoot = ""; targets = (000000000000000000000010,00000000000000000000001B,000000000000000000000026,);};
}; rootObject = 00000000000000000000002C; }
